# This file is automatically @generated by Cargo.
# It is not intended for manual editing.
[[package]]
name = "libpcre2"
version = "0.1.0"

[[package]]
name = "reqeasy"
version = "0.1.0"
dependencies = [
 "simple_regex 0.1.0",
]

[[package]]
name = "simple_regex"
version = "0.1.0"
dependencies = [
 "libpcre2 0.1.0",
]

